
Microsoft Visual Studio Solution File, Format Version 12.00
Project("{FAE04EC0-301F-11D3-BF4B-00C04F79EFBC}") = "lb4", "lb4\lb4.csproj", "{AD58799D-93B0-4C8D-ADE9-7E12C2522C0C}"
EndProject
Project("{FAE04EC0-301F-11D3-BF4B-00C04F79EFBC}") = "StudentsLibrary", "StudentsLibrary\StudentsLibrary.csproj", "{528D6112-421D-4622-A402-922904FCF7FC}"
EndProject
Project("{FAE04EC0-301F-11D3-BF4B-00C04F79EFBC}") = "CustomerLibrary", "CustomerLibrary\CustomerLibrary.csproj", "{720C85FF-D873-463D-90EC-8B8BFEC3D9F9}"
EndProject
Project("{FAE04EC0-301F-11D3-BF4B-00C04F79EFBC}") = "ScientificAchievementsLibrary", "ScientificAchievementsLibrary\ScientificAchievementsLibrary.csproj", "{9F051712-01C6-4931-A38E-49597ED1069E}"
EndProject
Project("{FAE04EC0-301F-11D3-BF4B-00C04F79EFBC}") = "PublicationsLibrary", "PublicationsLibrary\PublicationsLibrary.csproj", "{349F944B-D9AC-4120-906F-6F081763E794}"
EndProject
Global
	GlobalSection(SolutionConfigurationPlatforms) = preSolution
		Debug|Any CPU = Debug|Any CPU
		Release|Any CPU = Release|Any CPU
	EndGlobalSection
	GlobalSection(ProjectConfigurationPlatforms) = postSolution
		{AD58799D-93B0-4C8D-ADE9-7E12C2522C0C}.Debug|Any CPU.ActiveCfg = Debug|Any CPU
		{AD58799D-93B0-4C8D-ADE9-7E12C2522C0C}.Debug|Any CPU.Build.0 = Debug|Any CPU
		{AD58799D-93B0-4C8D-ADE9-7E12C2522C0C}.Release|Any CPU.ActiveCfg = Release|Any CPU
		{AD58799D-93B0-4C8D-ADE9-7E12C2522C0C}.Release|Any CPU.Build.0 = Release|Any CPU
		{528D6112-421D-4622-A402-922904FCF7FC}.Debug|Any CPU.ActiveCfg = Debug|Any CPU
		{528D6112-421D-4622-A402-922904FCF7FC}.Debug|Any CPU.Build.0 = Debug|Any CPU
		{528D6112-421D-4622-A402-922904FCF7FC}.Release|Any CPU.ActiveCfg = Release|Any CPU
		{528D6112-421D-4622-A402-922904FCF7FC}.Release|Any CPU.Build.0 = Release|Any CPU
		{720C85FF-D873-463D-90EC-8B8BFEC3D9F9}.Debug|Any CPU.ActiveCfg = Debug|Any CPU
		{720C85FF-D873-463D-90EC-8B8BFEC3D9F9}.Debug|Any CPU.Build.0 = Debug|Any CPU
		{720C85FF-D873-463D-90EC-8B8BFEC3D9F9}.Release|Any CPU.ActiveCfg = Release|Any CPU
		{720C85FF-D873-463D-90EC-8B8BFEC3D9F9}.Release|Any CPU.Build.0 = Release|Any CPU
		{9F051712-01C6-4931-A38E-49597ED1069E}.Debug|Any CPU.ActiveCfg = Debug|Any CPU
		{9F051712-01C6-4931-A38E-49597ED1069E}.Debug|Any CPU.Build.0 = Debug|Any CPU
		{9F051712-01C6-4931-A38E-49597ED1069E}.Release|Any CPU.ActiveCfg = Release|Any CPU
		{9F051712-01C6-4931-A38E-49597ED1069E}.Release|Any CPU.Build.0 = Release|Any CPU
		{349F944B-D9AC-4120-906F-6F081763E794}.Debug|Any CPU.ActiveCfg = Debug|Any CPU
		{349F944B-D9AC-4120-906F-6F081763E794}.Debug|Any CPU.Build.0 = Debug|Any CPU
		{349F944B-D9AC-4120-906F-6F081763E794}.Release|Any CPU.ActiveCfg = Release|Any CPU
		{349F944B-D9AC-4120-906F-6F081763E794}.Release|Any CPU.Build.0 = Release|Any CPU
	EndGlobalSection
EndGlobal
